# THIS IS AN AUTOGENERATED FILE. DO NOT EDIT THIS FILE DIRECTLY.
# yarn lockfile v1


"@vant/area-data@^1.2.4":
  "integrity" "sha512-oowT5fePKdPR4DShoLnXejcXtW323JhtbJreOpFRBP2sNc/krgDe5W1BBCJg+frKet7x7cd0d8pA7xR3Vv9PLQ=="
  "resolved" "https://registry.npmjs.org/@vant/area-data/-/area-data-1.2.4.tgz"
  "version" "1.2.4"

"@vant/weapp@^1.10.3":
  "integrity" "sha512-CcG5umI+zlJRN6hQXPeknOenPkVm6WBEgBaB6Y94kOmKLx9NHtHBdURwxuJEA4q4mxhUdOuf6sV7I8tZBnCVxw=="
  "resolved" "https://registry.npmjs.org/@vant/weapp/-/weapp-1.10.3.tgz"
  "version" "1.10.3"

"rfdc@^1.3.0":
  "integrity" "sha512-V2hovdzFbOi77/WajaSMXk2OLm+xNIeQdMMuB7icj7bk6zi2F8GGAxigcnDFpJHbNyNcgyJDiP+8nOrY5cZGrA=="
  "resolved" "https://registry.npmmirror.com/rfdc/-/rfdc-1.3.0.tgz"
  "version" "1.3.0"

"tim-js-sdk@^2.19.1":
  "integrity" "sha512-M0BJ/Ttg7zCJg8UXke9RMEOlqrJ2ifatLtYVVE2BE2U2ebw67R5zReCidCTkcL0mTcEkVAD/bem6OlLLwqhCPA=="
  "resolved" "https://repo.huaweicloud.com/repository/npm/tim-js-sdk/-/tim-js-sdk-2.19.1.tgz"
  "version" "2.19.1"

"tim-upload-plugin@^1.0.4":
  "integrity" "sha512-Ib/Ql5vdKoLg2wSFBQ34nzBnaUFa6IxiV8060BF+RnWVlhBZSd3MpBXT32wWcmPj/Sl2yOSCM+dC4fn1sm+y/w=="
  "resolved" "https://repo.huaweicloud.com/repository/npm/tim-upload-plugin/-/tim-upload-plugin-1.0.4.tgz"
  "version" "1.0.4"

"tim-wx-sdk@^2.19.1":
  "integrity" "sha512-nd0GqiH57nfz+Tpg/NqBpgBtNwByeytHuBchXm8DwdscI5V6vwzVA0Nf3ZD0Noatb/afIlELdM7VMwii6nvPXw=="
  "resolved" "https://repo.huaweicloud.com/repository/npm/tim-wx-sdk/-/tim-wx-sdk-2.19.1.tgz"
  "version" "2.19.1"

"westore@^0.1.9":
  "integrity" "sha512-XhYv8UUzlvBgkU0YKHF//i6TYpBaV0vY9irunIypANv1qfUKvKC8C5G8s8/tQczNMEGSr5qkCNgCl/uNaEqElg=="
  "resolved" "https://registry.npmmirror.com/westore/-/westore-0.1.9.tgz"
  "version" "0.1.9"
  dependencies:
    "rfdc" "^1.3.0"
