# THIS IS AN AUTOGENERATED FILE. DO NOT EDIT THIS FILE DIRECTLY.
# yarn lockfile v1


"@vant/area-data@^1.2.4":
  version "1.2.4"
  resolved "https://registry.yarnpkg.com/@vant/area-data/-/area-data-1.2.4.tgz#641da1f5b90a7b2a586ff0271734f7e77cfe4448"
  integrity sha512-oowT5fePKdPR4DShoLnXejcXtW323JhtbJreOpFRBP2sNc/krgDe5W1BBCJg+frKet7x7cd0d8pA7xR3Vv9PLQ==

"@vant/weapp@^1.10.3":
  version "1.10.3"
  resolved "https://registry.yarnpkg.com/@vant/weapp/-/weapp-1.10.3.tgz#c2df7437cf5784530835cf764cb7f4923f981e25"
  integrity sha512-CcG5umI+zlJRN6hQXPeknOenPkVm6WBEgBaB6Y94kOmKLx9NHtHBdURwxuJEA4q4mxhUdOuf6sV7I8tZBnCVxw==
